
Microsoft Visual Studio Solution File, Format Version 12.00
# Visual Studio Version 17
VisualStudioVersion = 17.11.35312.102
MinimumVisualStudioVersion = 10.0.40219.1
Project("{FAE04EC0-301F-11D3-BF4B-00C04F79EFBC}") = "Felgi2", "Felgi2\Felgi2.csproj", "{57963CE6-027E-4F9E-9C31-19941B63111B}"
EndProject
Global
	GlobalSection(SolutionConfigurationPlatforms) = preSolution
		Debug|Any CPU = Debug|Any CPU
		Release|Any CPU = Release|Any CPU
	EndGlobalSection
	GlobalSection(ProjectConfigurationPlatforms) = postSolution
		{57963CE6-027E-4F9E-9C31-19941B63111B}.Debug|Any CPU.ActiveCfg = Debug|Any CPU
		{57963CE6-027E-4F9E-9C31-19941B63111B}.Debug|Any CPU.Build.0 = Debug|Any CPU
		{57963CE6-027E-4F9E-9C31-19941B63111B}.Debug|Any CPU.Deploy.0 = Debug|Any CPU
		{57963CE6-027E-4F9E-9C31-19941B63111B}.Release|Any CPU.ActiveCfg = Release|Any CPU
		{57963CE6-027E-4F9E-9C31-19941B63111B}.Release|Any CPU.Build.0 = Release|Any CPU
		{57963CE6-027E-4F9E-9C31-19941B63111B}.Release|Any CPU.Deploy.0 = Release|Any CPU
	EndGlobalSection
	GlobalSection(SolutionProperties) = preSolution
		HideSolutionNode = FALSE
	EndGlobalSection
	GlobalSection(ExtensibilityGlobals) = postSolution
		SolutionGuid = {E43FB527-4A9A-4249-8CD1-0B6BD4CCDD1C}
	EndGlobalSection
EndGlobal
